PODS:
  - Realm (4.4.0):
    - Realm/Headers (= 4.4.0)
  - Realm/Headers (4.4.0)
  - RealmSwift (4.4.0):
    - Realm (= 4.4.0)

DEPENDENCIES:
  - RealmSwift

SPEC REPOS:
  https://github.com/CocoaPods/Specs.git:
    - Realm
    - RealmSwift

SPEC CHECKSUMS:
  Realm: e125f464884cda953ebefe70c671b75b03b81b9b
  RealmSwift: 33656a42bd300959a081fc13347376bc478071af

PODFILE CHECKSUM: fe2922bb55b07f2662edb77bbe4282009f37e7c3

COCOAPODS: 1.9.1
