PODS:
  - Realm (4.4.1):
    - Realm/Headers (= 4.4.1)
  - Realm/Headers (4.4.1)
  - RealmSwift (4.4.1):
    - Realm (= 4.4.1)
  - RealmSwiftManager (0.0.3):
    - RealmSwift (~> 4.4.0)

DEPENDENCIES:
  - RealmSwiftManager

SPEC REPOS:
  https://github.com/CocoaPods/Specs.git:
    - Realm
    - RealmSwift
    - RealmSwiftManager

SPEC CHECKSUMS:
  Realm: 4eb04d7487bd43c0581256f40b424eafb711deff
  RealmSwift: 3eb8924ff7100df5928c7602f71d0fec51e7c9c5
  RealmSwiftManager: 289215b5daed92e7074cd1c7a66134c5f9f01235

PODFILE CHECKSUM: 81b840a78a5e63b40728cc48e59d4b5b41b2be66

COCOAPODS: 1.9.1
