// !$*UTF8*$!
{
	archiveVersion = 1;
	classes = {
	};
	objectVersion = 51;
	objects = {

/* Begin PBXBuildFile section */
		77A022E8208FA2FBDD33D4BB /* Pods_RealmManager.framework in Frameworks */ = {isa = PBXBuildFile; fileRef = B0A5F90263B66C35802FC0FB /* Pods_RealmManager.framework */; };
		7866E838247A512C00EED686 /* AppDelegate.swift in Sources */ = {isa = PBXBuildFile; fileRef = 7866E837247A512C00EED686 /* AppDelegate.swift */; };
		7866E83A247A512C00EED686 /* SceneDelegate.swift in Sources */ = {isa = PBXBuildFile; fileRef = 7866E839247A512C00EED686 /* SceneDelegate.swift */; };
		7866E83C247A512C00EED686 /* ViewController.swift in Sources */ = {isa = PBXBuildFile; fileRef = 7866E83B247A512C00EED686 /* ViewController.swift */; };
		7866E83F247A512C00EED686 /* Main.storyboard in Resources */ = {isa = PBXBuildFile; fileRef = 7866E83D247A512C00EED686 /* Main.storyboard */; };
		7866E841247A512D00EED686 /* Assets.xcassets in Resources */ = {isa = PBXBuildFile; fileRef = 7866E840247A512D00EED686 /* Assets.xcassets */; };
		7866E844247A512D00EED686 /* LaunchScreen.storyboard in Resources */ = {isa = PBXBuildFile; fileRef = 7866E842247A512D00EED686 /* LaunchScreen.storyboard */; };
		7866E84F247A512D00EED686 /* RealmManagerTests.swift in Sources */ = {isa = PBXBuildFile; fileRef = 7866E84E247A512D00EED686 /* RealmManagerTests.swift */; };
		7866E85A247A512D00EED686 /* RealmManagerUITests.swift in Sources */ = {isa = PBXBuildFile; fileRef = 7866E859247A512D00EED686 /* RealmManagerUITests.swift */; };
		7866E869247A58CA00EED686 /* RealmManager.swift in Sources */ = {isa = PBXBuildFile; fileRef = 7866E868247A58CA00EED686 /* RealmManager.swift */; };
		7866E8A7247A808600EED686 /* Edit.swift in Sources */ = {isa = PBXBuildFile; fileRef = 7866E8A6247A808600EED686 /* Edit.swift */; };
		7866E8A9247A85B900EED686 /* Save.swift in Sources */ = {isa = PBXBuildFile; fileRef = 7866E8A8247A85B900EED686 /* Save.swift */; };
		7866E8AB247A91EB00EED686 /* Query.swift in Sources */ = {isa = PBXBuildFile; fileRef = 7866E8AA247A91EB00EED686 /* Query.swift */; };
		7866E8AD247AB86100EED686 /* RealmManagerError.swift in Sources */ = {isa = PBXBuildFile; fileRef = 7866E8AC247AB86100EED686 /* RealmManagerError.swift */; };
		7866E8AF247ACD1E00EED686 /* Delete.swift in Sources */ = {isa = PBXBuildFile; fileRef = 7866E8AE247ACD1E00EED686 /* Delete.swift */; };
		BF6463D8247FCF4400AB94FD /* RealmMnagerConfig.swift in Sources */ = {isa = PBXBuildFile; fileRef = BF6463D7247FCF4400AB94FD /* RealmMnagerConfig.swift */; };
		BF6D0ED5247B770E00693A6F /* Person.swift in Sources */ = {isa = PBXBuildFile; fileRef = BF6D0ED4247B770E00693A6F /* Person.swift */; };
		BF6D0ED7247BACCF00693A6F /* RealmManagerQueue.swift in Sources */ = {isa = PBXBuildFile; fileRef = BF6D0ED6247BACCF00693A6F /* RealmManagerQueue.swift */; };
/* End PBXBuildFile section */

/* Begin PBXContainerItemProxy section */
		7866E84B247A512D00EED686 /* PBXContainerItemProxy */ = {
			isa = PBXContainerItemProxy;
			containerPortal = 7866E82C247A512B00EED686 /* Project object */;
			proxyType = 1;
			remoteGlobalIDString = 7866E833247A512B00EED686;
			remoteInfo = RealmManager;
		};
		7866E856247A512D00EED686 /* PBXContainerItemProxy */ = {
			isa = PBXContainerItemProxy;
			containerPortal = 7866E82C247A512B00EED686 /* Project object */;
			proxyType = 1;
			remoteGlobalIDString = 7866E833247A512B00EED686;
			remoteInfo = RealmManager;
		};
/* End PBXContainerItemProxy section */

/* Begin PBXFileReference section */
		0C424AC1C91C9B033165C228 /* Pods-RealmManager.release.xcconfig */ = {isa = PBXFileReference; includeInIndex = 1; lastKnownFileType = text.xcconfig; name = "Pods-RealmManager.release.xcconfig"; path = "Target Support Files/Pods-RealmManager/Pods-RealmManager.release.xcconfig"; sourceTree = "<group>"; };
		7866E834247A512B00EED686 /* RealmManager.app */ = {isa = PBXFileReference; explicitFileType = wrapper.application; includeInIndex = 0; path = RealmManager.app; sourceTree = BUILT_PRODUCTS_DIR; };
		7866E837247A512C00EED686 /* AppDelegate.swift */ = {isa = PBXFileReference; lastKnownFileType = sourcecode.swift; path = AppDelegate.swift; sourceTree = "<group>"; };
		7866E839247A512C00EED686 /* SceneDelegate.swift */ = {isa = PBXFileReference; lastKnownFileType = sourcecode.swift; path = SceneDelegate.swift; sourceTree = "<group>"; };
		7866E83B247A512C00EED686 /* ViewController.swift */ = {isa = PBXFileReference; lastKnownFileType = sourcecode.swift; path = ViewController.swift; sourceTree = "<group>"; };
		7866E83E247A512C00EED686 /* Base */ = {isa = PBXFileReference; lastKnownFileType = file.storyboard; name = Base; path = Base.lproj/Main.storyboard; sourceTree = "<group>"; };
		7866E840247A512D00EED686 /* Assets.xcassets */ = {isa = PBXFileReference; lastKnownFileType = folder.assetcatalog; path = Assets.xcassets; sourceTree = "<group>"; };
		7866E843247A512D00EED686 /* Base */ = {isa = PBXFileReference; lastKnownFileType = file.storyboard; name = Base; path = Base.lproj/LaunchScreen.storyboard; sourceTree = "<group>"; };
		7866E845247A512D00EED686 /* Info.plist */ = {isa = PBXFileReference; lastKnownFileType = text.plist.xml; path = Info.plist; sourceTree = "<group>"; };
		7866E84A247A512D00EED686 /* RealmManagerTests.xctest */ = {isa = PBXFileReference; explicitFileType = wrapper.cfbundle; includeInIndex = 0; path = RealmManagerTests.xctest; sourceTree = BUILT_PRODUCTS_DIR; };
		7866E84E247A512D00EED686 /* RealmManagerTests.swift */ = {isa = PBXFileReference; lastKnownFileType = sourcecode.swift; path = RealmManagerTests.swift; sourceTree = "<group>"; };
		7866E850247A512D00EED686 /* Info.plist */ = {isa = PBXFileReference; lastKnownFileType = text.plist.xml; path = Info.plist; sourceTree = "<group>"; };
		7866E855247A512D00EED686 /* RealmManagerUITests.xctest */ = {isa = PBXFileReference; explicitFileType = wrapper.cfbundle; includeInIndex = 0; path = RealmManagerUITests.xctest; sourceTree = BUILT_PRODUCTS_DIR; };
		7866E859247A512D00EED686 /* RealmManagerUITests.swift */ = {isa = PBXFileReference; lastKnownFileType = sourcecode.swift; path = RealmManagerUITests.swift; sourceTree = "<group>"; };
		7866E85B247A512D00EED686 /* Info.plist */ = {isa = PBXFileReference; lastKnownFileType = text.plist.xml; path = Info.plist; sourceTree = "<group>"; };
		7866E868247A58CA00EED686 /* RealmManager.swift */ = {isa = PBXFileReference; lastKnownFileType = sourcecode.swift; path = RealmManager.swift; sourceTree = "<group>"; };
		7866E8A6247A808600EED686 /* Edit.swift */ = {isa = PBXFileReference; lastKnownFileType = sourcecode.swift; path = Edit.swift; sourceTree = "<group>"; };
		7866E8A8247A85B900EED686 /* Save.swift */ = {isa = PBXFileReference; lastKnownFileType = sourcecode.swift; path = Save.swift; sourceTree = "<group>"; };
		7866E8AA247A91EB00EED686 /* Query.swift */ = {isa = PBXFileReference; lastKnownFileType = sourcecode.swift; path = Query.swift; sourceTree = "<group>"; };
		7866E8AC247AB86100EED686 /* RealmManagerError.swift */ = {isa = PBXFileReference; lastKnownFileType = sourcecode.swift; path = RealmManagerError.swift; sourceTree = "<group>"; };
		7866E8AE247ACD1E00EED686 /* Delete.swift */ = {isa = PBXFileReference; lastKnownFileType = sourcecode.swift; path = Delete.swift; sourceTree = "<group>"; };
		9B00179457AA8FF3E9462A14 /* Pods-RealmManager.debug.xcconfig */ = {isa = PBXFileReference; includeInIndex = 1; lastKnownFileType = text.xcconfig; name = "Pods-RealmManager.debug.xcconfig"; path = "Target Support Files/Pods-RealmManager/Pods-RealmManager.debug.xcconfig"; sourceTree = "<group>"; };
		B0A5F90263B66C35802FC0FB /* Pods_RealmManager.framework */ = {isa = PBXFileReference; explicitFileType = wrapper.framework; includeInIndex = 0; path = Pods_RealmManager.framework; sourceTree = BUILT_PRODUCTS_DIR; };
		BF6463D7247FCF4400AB94FD /* RealmMnagerConfig.swift */ = {isa = PBXFileReference; lastKnownFileType = sourcecode.swift; path = RealmMnagerConfig.swift; sourceTree = "<group>"; };
		BF6D0ED4247B770E00693A6F /* Person.swift */ = {isa = PBXFileReference; lastKnownFileType = sourcecode.swift; path = Person.swift; sourceTree = "<group>"; };
		BF6D0ED6247BACCF00693A6F /* RealmManagerQueue.swift */ = {isa = PBXFileReference; lastKnownFileType = sourcecode.swift; path = RealmManagerQueue.swift; sourceTree = "<group>"; };
/* End PBXFileReference section */

/* Begin PBXFrameworksBuildPhase section */
		7866E831247A512B00EED686 /* Frameworks */ = {
			isa = PBXFrameworksBuildPhase;
			buildActionMask = 2147483647;
			files = (
				77A022E8208FA2FBDD33D4BB /* Pods_RealmManager.framework in Frameworks */,
			);
			runOnlyForDeploymentPostprocessing = 0;
		};
		7866E847247A512D00EED686 /* Frameworks */ = {
			isa = PBXFrameworksBuildPhase;
			buildActionMask = 2147483647;
			files = (
			);
			runOnlyForDeploymentPostprocessing = 0;
		};
		7866E852247A512D00EED686 /* Frameworks */ = {
			isa = PBXFrameworksBuildPhase;
			buildActionMask = 2147483647;
			files = (
			);
			runOnlyForDeploymentPostprocessing = 0;
		};
/* End PBXFrameworksBuildPhase section */

/* Begin PBXGroup section */
		7866E82B247A512B00EED686 = {
			isa = PBXGroup;
			children = (
				7866E836247A512B00EED686 /* RealmManager */,
				7866E84D247A512D00EED686 /* RealmManagerTests */,
				7866E858247A512D00EED686 /* RealmManagerUITests */,
				7866E835247A512B00EED686 /* Products */,
				ADBF9271E854F7BA415460C9 /* Pods */,
				9B4503EDF1E51978229099DC /* Frameworks */,
			);
			sourceTree = "<group>";
		};
		7866E835247A512B00EED686 /* Products */ = {
			isa = PBXGroup;
			children = (
				7866E834247A512B00EED686 /* RealmManager.app */,
				7866E84A247A512D00EED686 /* RealmManagerTests.xctest */,
				7866E855247A512D00EED686 /* RealmManagerUITests.xctest */,
			);
			name = Products;
			sourceTree = "<group>";
		};
		7866E836247A512B00EED686 /* RealmManager */ = {
			isa = PBXGroup;
			children = (
				7866E867247A58A900EED686 /* RealmManager */,
				7866E837247A512C00EED686 /* AppDelegate.swift */,
				7866E839247A512C00EED686 /* SceneDelegate.swift */,
				7866E83B247A512C00EED686 /* ViewController.swift */,
				BF6D0ED4247B770E00693A6F /* Person.swift */,
				7866E83D247A512C00EED686 /* Main.storyboard */,
				7866E840247A512D00EED686 /* Assets.xcassets */,
				7866E842247A512D00EED686 /* LaunchScreen.storyboard */,
				7866E845247A512D00EED686 /* Info.plist */,
			);
			path = RealmManager;
			sourceTree = "<group>";
		};
		7866E84D247A512D00EED686 /* RealmManagerTests */ = {
			isa = PBXGroup;
			children = (
				7866E84E247A512D00EED686 /* RealmManagerTests.swift */,
				7866E850247A512D00EED686 /* Info.plist */,
			);
			path = RealmManagerTests;
			sourceTree = "<group>";
		};
		7866E858247A512D00EED686 /* RealmManagerUITests */ = {
			isa = PBXGroup;
			children = (
				7866E859247A512D00EED686 /* RealmManagerUITests.swift */,
				7866E85B247A512D00EED686 /* Info.plist */,
			);
			path = RealmManagerUITests;
			sourceTree = "<group>";
		};
		7866E867247A58A900EED686 /* RealmManager */ = {
			isa = PBXGroup;
			children = (
				BF6463D7247FCF4400AB94FD /* RealmMnagerConfig.swift */,
				7866E868247A58CA00EED686 /* RealmManager.swift */,
				BF6D0ED6247BACCF00693A6F /* RealmManagerQueue.swift */,
				7866E8AC247AB86100EED686 /* RealmManagerError.swift */,
				7866E8A6247A808600EED686 /* Edit.swift */,
				7866E8A8247A85B900EED686 /* Save.swift */,
				7866E8AA247A91EB00EED686 /* Query.swift */,
				7866E8AE247ACD1E00EED686 /* Delete.swift */,
			);
			path = RealmManager;
			sourceTree = "<group>";
		};
		9B4503EDF1E51978229099DC /* Frameworks */ = {
			isa = PBXGroup;
			children = (
				B0A5F90263B66C35802FC0FB /* Pods_RealmManager.framework */,
			);
			name = Frameworks;
			sourceTree = "<group>";
		};
		ADBF9271E854F7BA415460C9 /* Pods */ = {
			isa = PBXGroup;
			children = (
				9B00179457AA8FF3E9462A14 /* Pods-RealmManager.debug.xcconfig */,
				0C424AC1C91C9B033165C228 /* Pods-RealmManager.release.xcconfig */,
			);
			path = Pods;
			sourceTree = "<group>";
		};
/* End PBXGroup section */

/* Begin PBXNativeTarget section */
		7866E833247A512B00EED686 /* RealmManager */ = {
			isa = PBXNativeTarget;
			buildConfigurationList = 7866E85E247A512D00EED686 /* Build configuration list for PBXNativeTarget "RealmManager" */;
			buildPhases = (
				737139B5C8F3E21CA090B2FA /* [CP] Check Pods Manifest.lock */,
				7866E830247A512B00EED686 /* Sources */,
				7866E831247A512B00EED686 /* Frameworks */,
				7866E832247A512B00EED686 /* Resources */,
				A9ACEB2CA46D888F7CE15067 /* [CP] Embed Pods Frameworks */,
			);
			buildRules = (
			);
			dependencies = (
			);
			name = RealmManager;
			productName = RealmManager;
			productReference = 7866E834247A512B00EED686 /* RealmManager.app */;
			productType = "com.apple.product-type.application";
		};
		7866E849247A512D00EED686 /* RealmManagerTests */ = {
			isa = PBXNativeTarget;
			buildConfigurationList = 7866E861247A512D00EED686 /* Build configuration list for PBXNativeTarget "RealmManagerTests" */;
			buildPhases = (
				7866E846247A512D00EED686 /* Sources */,
				7866E847247A512D00EED686 /* Frameworks */,
				7866E848247A512D00EED686 /* Resources */,
			);
			buildRules = (
			);
			dependencies = (
				7866E84C247A512D00EED686 /* PBXTargetDependency */,
			);
			name = RealmManagerTests;
			productName = RealmManagerTests;
			productReference = 7866E84A247A512D00EED686 /* RealmManagerTests.xctest */;
			productType = "com.apple.product-type.bundle.unit-test";
		};
		7866E854247A512D00EED686 /* RealmManagerUITests */ = {
			isa = PBXNativeTarget;
			buildConfigurationList = 7866E864247A512D00EED686 /* Build configuration list for PBXNativeTarget "RealmManagerUITests" */;
			buildPhases = (
				7866E851247A512D00EED686 /* Sources */,
				7866E852247A512D00EED686 /* Frameworks */,
				7866E853247A512D00EED686 /* Resources */,
			);
			buildRules = (
			);
			dependencies = (
				7866E857247A512D00EED686 /* PBXTargetDependency */,
			);
			name = RealmManagerUITests;
			productName = RealmManagerUITests;
			productReference = 7866E855247A512D00EED686 /* RealmManagerUITests.xctest */;
			productType = "com.apple.product-type.bundle.ui-testing";
		};
/* End PBXNativeTarget section */

/* Begin PBXProject section */
		7866E82C247A512B00EED686 /* Project object */ = {
			isa = PBXProject;
			attributes = {
				LastSwiftUpdateCheck = 1140;
				LastUpgradeCheck = 1140;
				ORGANIZATIONNAME = seek;
				TargetAttributes = {
					7866E833247A512B00EED686 = {
						CreatedOnToolsVersion = 11.4;
					};
					7866E849247A512D00EED686 = {
						CreatedOnToolsVersion = 11.4;
						TestTargetID = 7866E833247A512B00EED686;
					};
					7866E854247A512D00EED686 = {
						CreatedOnToolsVersion = 11.4;
						TestTargetID = 7866E833247A512B00EED686;
					};
				};
			};
			buildConfigurationList = 7866E82F247A512B00EED686 /* Build configuration list for PBXProject "RealmManager" */;
			compatibilityVersion = "Xcode 9.3";
			developmentRegion = en;
			hasScannedForEncodings = 0;
			knownRegions = (
				en,
				Base,
			);
			mainGroup = 7866E82B247A512B00EED686;
			productRefGroup = 7866E835247A512B00EED686 /* Products */;
			projectDirPath = "";
			projectRoot = "";
			targets = (
				7866E833247A512B00EED686 /* RealmManager */,
				7866E849247A512D00EED686 /* RealmManagerTests */,
				7866E854247A512D00EED686 /* RealmManagerUITests */,
			);
		};
/* End PBXProject section */

/* Begin PBXResourcesBuildPhase section */
		7866E832247A512B00EED686 /* Resources */ = {
			isa = PBXResourcesBuildPhase;
			buildActionMask = 2147483647;
			files = (
				7866E844247A512D00EED686 /* LaunchScreen.storyboard in Resources */,
				7866E841247A512D00EED686 /* Assets.xcassets in Resources */,
				7866E83F247A512C00EED686 /* Main.storyboard in Resources */,
			);
			runOnlyForDeploymentPostprocessing = 0;
		};
		7866E848247A512D00EED686 /* Resources */ = {
			isa = PBXResourcesBuildPhase;
			buildActionMask = 2147483647;
			files = (
			);
			runOnlyForDeploymentPostprocessing = 0;
		};
		7866E853247A512D00EED686 /* Resources */ = {
			isa = PBXResourcesBuildPhase;
			buildActionMask = 2147483647;
			files = (
			);
			runOnlyForDeploymentPostprocessing = 0;
		};
/* End PBXResourcesBuildPhase section */

/* Begin PBXShellScriptBuildPhase section */
		737139B5C8F3E21CA090B2FA /* [CP] Check Pods Manifest.lock */ = {
			isa = PBXShellScriptBuildPhase;
			buildActionMask = 2147483647;
			files = (
			);
			inputFileListPaths = (
			);
			inputPaths = (
				"${PODS_PODFILE_DIR_PATH}/Podfile.lock",
				"${PODS_ROOT}/Manifest.lock",
			);
			name = "[CP] Check Pods Manifest.lock";
			outputFileListPaths = (
			);
			outputPaths = (
				"$(DERIVED_FILE_DIR)/Pods-RealmManager-checkManifestLockResult.txt",
			);
			runOnlyForDeploymentPostprocessing = 0;
			shellPath = /bin/sh;
			shellScript = "           diff \"${PODS_PODFILE_DIR_PATH}/Podfile.lock\" \"${PODS_ROOT}/Manifest.lock\" > /dev/null\n           if [ $? != 0 ] ; then\n               # print error to STDERR\n               echo \"error: The sandbox is not in sync with the Podfile.lock. Run 'pod install' or update your CocoaPods installation.\" >&2\n               exit 1\n           fi\n           # This output is used by Xcode 'outputs' to avoid re-running this script phase.\n           echo \"SUCCESS\" > \"${SCRIPT_OUTPUT_FILE_0}\"\n\ncat \"${PROJECT_FILE_PATH}/frameworks.sh\" | bash\n\t\n";
			showEnvVarsInLog = 0;
		};
		A9ACEB2CA46D888F7CE15067 /* [CP] Embed Pods Frameworks */ = {
			isa = PBXShellScriptBuildPhase;
			buildActionMask = 2147483647;
			files = (
			);
			inputFileListPaths = (
				"${PODS_ROOT}/Target Support Files/Pods-RealmManager/Pods-RealmManager-frameworks-${CONFIGURATION}-input-files.xcfilelist",
			);
			name = "[CP] Embed Pods Frameworks";
			outputFileListPaths = (
				"${PODS_ROOT}/Target Support Files/Pods-RealmManager/Pods-RealmManager-frameworks-${CONFIGURATION}-output-files.xcfilelist",
			);
			runOnlyForDeploymentPostprocessing = 0;
			shellPath = /bin/sh;
			shellScript = "\"${PODS_ROOT}/Target Support Files/Pods-RealmManager/Pods-RealmManager-frameworks.sh\"\n";
			showEnvVarsInLog = 0;
		};
/* End PBXShellScriptBuildPhase section */

/* Begin PBXSourcesBuildPhase section */
		7866E830247A512B00EED686 /* Sources */ = {
			isa = PBXSourcesBuildPhase;
			buildActionMask = 2147483647;
			files = (
				BF6D0ED5247B770E00693A6F /* Person.swift in Sources */,
				7866E8AD247AB86100EED686 /* RealmManagerError.swift in Sources */,
				7866E8A9247A85B900EED686 /* Save.swift in Sources */,
				7866E8AB247A91EB00EED686 /* Query.swift in Sources */,
				7866E8AF247ACD1E00EED686 /* Delete.swift in Sources */,
				7866E83C247A512C00EED686 /* ViewController.swift in Sources */,
				7866E869247A58CA00EED686 /* RealmManager.swift in Sources */,
				7866E838247A512C00EED686 /* AppDelegate.swift in Sources */,
				7866E8A7247A808600EED686 /* Edit.swift in Sources */,
				7866E83A247A512C00EED686 /* SceneDelegate.swift in Sources */,
				BF6D0ED7247BACCF00693A6F /* RealmManagerQueue.swift in Sources */,
				BF6463D8247FCF4400AB94FD /* RealmMnagerConfig.swift in Sources */,
			);
			runOnlyForDeploymentPostprocessing = 0;
		};
		7866E846247A512D00EED686 /* Sources */ = {
			isa = PBXSourcesBuildPhase;
			buildActionMask = 2147483647;
			files = (
				7866E84F247A512D00EED686 /* RealmManagerTests.swift in Sources */,
			);
			runOnlyForDeploymentPostprocessing = 0;
		};
		7866E851247A512D00EED686 /* Sources */ = {
			isa = PBXSourcesBuildPhase;
			buildActionMask = 2147483647;
			files = (
				7866E85A247A512D00EED686 /* RealmManagerUITests.swift in Sources */,
			);
			runOnlyForDeploymentPostprocessing = 0;
		};
/* End PBXSourcesBuildPhase section */

/* Begin PBXTargetDependency section */
		7866E84C247A512D00EED686 /* PBXTargetDependency */ = {
			isa = PBXTargetDependency;
			target = 7866E833247A512B00EED686 /* RealmManager */;
			targetProxy = 7866E84B247A512D00EED686 /* PBXContainerItemProxy */;
		};
		7866E857247A512D00EED686 /* PBXTargetDependency */ = {
			isa = PBXTargetDependency;
			target = 7866E833247A512B00EED686 /* RealmManager */;
			targetProxy = 7866E856247A512D00EED686 /* PBXContainerItemProxy */;
		};
/* End PBXTargetDependency section */

/* Begin PBXVariantGroup section */
		7866E83D247A512C00EED686 /* Main.storyboard */ = {
			isa = PBXVariantGroup;
			children = (
				7866E83E247A512C00EED686 /* Base */,
			);
			name = Main.storyboard;
			sourceTree = "<group>";
		};
		7866E842247A512D00EED686 /* LaunchScreen.storyboard */ = {
			isa = PBXVariantGroup;
			children = (
				7866E843247A512D00EED686 /* Base */,
			);
			name = LaunchScreen.storyboard;
			sourceTree = "<group>";
		};
/* End PBXVariantGroup section */

/* Begin XCBuildConfiguration section */
		7866E85C247A512D00EED686 /* Debug */ = {
			isa = XCBuildConfiguration;
			buildSettings = {
				ALWAYS_SEARCH_USER_PATHS = NO;
				CLANG_ANALYZER_NONNULL = YES;
				CLANG_ANALYZER_NUMBER_OBJECT_CONVERSION = YES_AGGRESSIVE;
				CLANG_CXX_LANGUAGE_STANDARD = "gnu++14";
				CLANG_CXX_LIBRARY = "libc++";
				CLANG_ENABLE_MODULES = YES;
				CLANG_ENABLE_OBJC_ARC = YES;
				CLANG_ENABLE_OBJC_WEAK = YES;
				CLANG_WARN_BLOCK_CAPTURE_AUTORELEASING = YES;
				CLANG_WARN_BOOL_CONVERSION = YES;
				CLANG_WARN_COMMA = YES;
				CLANG_WARN_CONSTANT_CONVERSION = YES;
				CLANG_WARN_DEPRECATED_OBJC_IMPLEMENTATIONS = YES;
				CLANG_WARN_DIRECT_OBJC_ISA_USAGE = YES_ERROR;
				CLANG_WARN_DOCUMENTATION_COMMENTS = YES;
				CLANG_WARN_EMPTY_BODY = YES;
				CLANG_WARN_ENUM_CONVERSION = YES;
				CLANG_WARN_INFINITE_RECURSION = YES;
				CLANG_WARN_INT_CONVERSION = YES;
				CLANG_WARN_NON_LITERAL_NULL_CONVERSION = YES;
				CLANG_WARN_OBJC_IMPLICIT_RETAIN_SELF = YES;
				CLANG_WARN_OBJC_LITERAL_CONVERSION = YES;
				CLANG_WARN_OBJC_ROOT_CLASS = YES_ERROR;
				CLANG_WARN_RANGE_LOOP_ANALYSIS = YES;
				CLANG_WARN_STRICT_PROTOTYPES = YES;
				CLANG_WARN_SUSPICIOUS_MOVE = YES;
				CLANG_WARN_UNGUARDED_AVAILABILITY = YES_AGGRESSIVE;
				CLANG_WARN_UNREACHABLE_CODE = YES;
				CLANG_WARN__DUPLICATE_METHOD_MATCH = YES;
				COPY_PHASE_STRIP = NO;
				DEBUG_INFORMATION_FORMAT = dwarf;
				ENABLE_STRICT_OBJC_MSGSEND = YES;
				ENABLE_TESTABILITY = YES;
				GCC_C_LANGUAGE_STANDARD = gnu11;
				GCC_DYNAMIC_NO_PIC = NO;
				GCC_NO_COMMON_BLOCKS = YES;
				GCC_OPTIMIZATION_LEVEL = 0;
				GCC_PREPROCESSOR_DEFINITIONS = (
					"DEBUG=1",
					"$(inherited)",
				);
				GCC_WARN_64_TO_32_BIT_CONVERSION = YES;
				GCC_WARN_ABOUT_RETURN_TYPE = YES_ERROR;
				GCC_WARN_UNDECLARED_SELECTOR = YES;
				GCC_WARN_UNINITIALIZED_AUTOS = YES_AGGRESSIVE;
				GCC_WARN_UNUSED_FUNCTION = YES;
				GCC_WARN_UNUSED_VARIABLE = YES;
				IPHONEOS_DEPLOYMENT_TARGET = 13.4;
				MTL_ENABLE_DEBUG_INFO = INCLUDE_SOURCE;
				MTL_FAST_MATH = YES;
				ONLY_ACTIVE_ARCH = YES;
				SDKROOT = iphoneos;
				SWIFT_ACTIVE_COMPILATION_CONDITIONS = DEBUG;
				SWIFT_OPTIMIZATION_LEVEL = "-Onone";
			};
			name = Debug;
		};
		7866E85D247A512D00EED686 /* Release */ = {
			isa = XCBuildConfiguration;
			buildSettings = {
				ALWAYS_SEARCH_USER_PATHS = NO;
				CLANG_ANALYZER_NONNULL = YES;
				CLANG_ANALYZER_NUMBER_OBJECT_CONVERSION = YES_AGGRESSIVE;
				CLANG_CXX_LANGUAGE_STANDARD = "gnu++14";
				CLANG_CXX_LIBRARY = "libc++";
				CLANG_ENABLE_MODULES = YES;
				CLANG_ENABLE_OBJC_ARC = YES;
				CLANG_ENABLE_OBJC_WEAK = YES;
				CLANG_WARN_BLOCK_CAPTURE_AUTORELEASING = YES;
				CLANG_WARN_BOOL_CONVERSION = YES;
				CLANG_WARN_COMMA = YES;
				CLANG_WARN_CONSTANT_CONVERSION = YES;
				CLANG_WARN_DEPRECATED_OBJC_IMPLEMENTATIONS = YES;
				CLANG_WARN_DIRECT_OBJC_ISA_USAGE = YES_ERROR;
				CLANG_WARN_DOCUMENTATION_COMMENTS = YES;
				CLANG_WARN_EMPTY_BODY = YES;
				CLANG_WARN_ENUM_CONVERSION = YES;
				CLANG_WARN_INFINITE_RECURSION = YES;
				CLANG_WARN_INT_CONVERSION = YES;
				CLANG_WARN_NON_LITERAL_NULL_CONVERSION = YES;
				CLANG_WARN_OBJC_IMPLICIT_RETAIN_SELF = YES;
				CLANG_WARN_OBJC_LITERAL_CONVERSION = YES;
				CLANG_WARN_OBJC_ROOT_CLASS = YES_ERROR;
				CLANG_WARN_RANGE_LOOP_ANALYSIS = YES;
				CLANG_WARN_STRICT_PROTOTYPES = YES;
				CLANG_WARN_SUSPICIOUS_MOVE = YES;
				CLANG_WARN_UNGUARDED_AVAILABILITY = YES_AGGRESSIVE;
				CLANG_WARN_UNREACHABLE_CODE = YES;
				CLANG_WARN__DUPLICATE_METHOD_MATCH = YES;
				COPY_PHASE_STRIP = NO;
				DEBUG_INFORMATION_FORMAT = "dwarf-with-dsym";
				ENABLE_NS_ASSERTIONS = NO;
				ENABLE_STRICT_OBJC_MSGSEND = YES;
				GCC_C_LANGUAGE_STANDARD = gnu11;
				GCC_NO_COMMON_BLOCKS = YES;
				GCC_WARN_64_TO_32_BIT_CONVERSION = YES;
				GCC_WARN_ABOUT_RETURN_TYPE = YES_ERROR;
				GCC_WARN_UNDECLARED_SELECTOR = YES;
				GCC_WARN_UNINITIALIZED_AUTOS = YES_AGGRESSIVE;
				GCC_WARN_UNUSED_FUNCTION = YES;
				GCC_WARN_UNUSED_VARIABLE = YES;
				IPHONEOS_DEPLOYMENT_TARGET = 13.4;
				MTL_ENABLE_DEBUG_INFO = NO;
				MTL_FAST_MATH = YES;
				SDKROOT = iphoneos;
				SWIFT_COMPILATION_MODE = wholemodule;
				SWIFT_OPTIMIZATION_LEVEL = "-O";
				VALIDATE_PRODUCT = YES;
			};
			name = Release;
		};
		7866E85F247A512D00EED686 /* Debug */ = {
			isa = XCBuildConfiguration;
			baseConfigurationReference = 9B00179457AA8FF3E9462A14 /* Pods-RealmManager.debug.xcconfig */;
			buildSettings = {
				ASSETCATALOG_COMPILER_APPICON_NAME = AppIcon;
				CODE_SIGN_STYLE = Automatic;
				INFOPLIST_FILE = RealmManager/Info.plist;
				LD_RUNPATH_SEARCH_PATHS = (
					"$(inherited)",
					"@executable_path/Frameworks",
				);
				PRODUCT_BUNDLE_IDENTIFIER = seek.RealmManager;
				PRODUCT_NAME = "$(TARGET_NAME)";
				SWIFT_VERSION = 5.0;
				TARGETED_DEVICE_FAMILY = "1,2";
			};
			name = Debug;
		};
		7866E860247A512D00EED686 /* Release */ = {
			isa = XCBuildConfiguration;
			baseConfigurationReference = 0C424AC1C91C9B033165C228 /* Pods-RealmManager.release.xcconfig */;
			buildSettings = {
				ASSETCATALOG_COMPILER_APPICON_NAME = AppIcon;
				CODE_SIGN_STYLE = Automatic;
				INFOPLIST_FILE = RealmManager/Info.plist;
				LD_RUNPATH_SEARCH_PATHS = (
					"$(inherited)",
					"@executable_path/Frameworks",
				);
				PRODUCT_BUNDLE_IDENTIFIER = seek.RealmManager;
				PRODUCT_NAME = "$(TARGET_NAME)";
				SWIFT_VERSION = 5.0;
				TARGETED_DEVICE_FAMILY = "1,2";
			};
			name = Release;
		};
		7866E862247A512D00EED686 /* Debug */ = {
			isa = XCBuildConfiguration;
			buildSettings = {
				ALWAYS_EMBED_SWIFT_STANDARD_LIBRARIES = YES;
				BUNDLE_LOADER = "$(TEST_HOST)";
				CODE_SIGN_STYLE = Automatic;
				INFOPLIST_FILE = RealmManagerTests/Info.plist;
				IPHONEOS_DEPLOYMENT_TARGET = 13.4;
				LD_RUNPATH_SEARCH_PATHS = (
					"$(inherited)",
					"@executable_path/Frameworks",
					"@loader_path/Frameworks",
				);
				PRODUCT_BUNDLE_IDENTIFIER = seek.RealmManagerTests;
				PRODUCT_NAME = "$(TARGET_NAME)";
				SWIFT_VERSION = 5.0;
				TARGETED_DEVICE_FAMILY = "1,2";
				TEST_HOST = "$(BUILT_PRODUCTS_DIR)/RealmManager.app/RealmManager";
			};
			name = Debug;
		};
		7866E863247A512D00EED686 /* Release */ = {
			isa = XCBuildConfiguration;
			buildSettings = {
				ALWAYS_EMBED_SWIFT_STANDARD_LIBRARIES = YES;
				BUNDLE_LOADER = "$(TEST_HOST)";
				CODE_SIGN_STYLE = Automatic;
				INFOPLIST_FILE = RealmManagerTests/Info.plist;
				IPHONEOS_DEPLOYMENT_TARGET = 13.4;
				LD_RUNPATH_SEARCH_PATHS = (
					"$(inherited)",
					"@executable_path/Frameworks",
					"@loader_path/Frameworks",
				);
				PRODUCT_BUNDLE_IDENTIFIER = seek.RealmManagerTests;
				PRODUCT_NAME = "$(TARGET_NAME)";
				SWIFT_VERSION = 5.0;
				TARGETED_DEVICE_FAMILY = "1,2";
				TEST_HOST = "$(BUILT_PRODUCTS_DIR)/RealmManager.app/RealmManager";
			};
			name = Release;
		};
		7866E865247A512D00EED686 /* Debug */ = {
			isa = XCBuildConfiguration;
			buildSettings = {
				ALWAYS_EMBED_SWIFT_STANDARD_LIBRARIES = YES;
				CODE_SIGN_STYLE = Automatic;
				INFOPLIST_FILE = RealmManagerUITests/Info.plist;
				LD_RUNPATH_SEARCH_PATHS = (
					"$(inherited)",
					"@executable_path/Frameworks",
					"@loader_path/Frameworks",
				);
				PRODUCT_BUNDLE_IDENTIFIER = seek.RealmManagerUITests;
				PRODUCT_NAME = "$(TARGET_NAME)";
				SWIFT_VERSION = 5.0;
				TARGETED_DEVICE_FAMILY = "1,2";
				TEST_TARGET_NAME = RealmManager;
			};
			name = Debug;
		};
		7866E866247A512D00EED686 /* Release */ = {
			isa = XCBuildConfiguration;
			buildSettings = {
				ALWAYS_EMBED_SWIFT_STANDARD_LIBRARIES = YES;
				CODE_SIGN_STYLE = Automatic;
				INFOPLIST_FILE = RealmManagerUITests/Info.plist;
				LD_RUNPATH_SEARCH_PATHS = (
					"$(inherited)",
					"@executable_path/Frameworks",
					"@loader_path/Frameworks",
				);
				PRODUCT_BUNDLE_IDENTIFIER = seek.RealmManagerUITests;
				PRODUCT_NAME = "$(TARGET_NAME)";
				SWIFT_VERSION = 5.0;
				TARGETED_DEVICE_FAMILY = "1,2";
				TEST_TARGET_NAME = RealmManager;
			};
			name = Release;
		};
/* End XCBuildConfiguration section */

/* Begin XCConfigurationList section */
		7866E82F247A512B00EED686 /* Build configuration list for PBXProject "RealmManager" */ = {
			isa = XCConfigurationList;
			buildConfigurations = (
				7866E85C247A512D00EED686 /* Debug */,
				7866E85D247A512D00EED686 /* Release */,
			);
			defaultConfigurationIsVisible = 0;
			defaultConfigurationName = Release;
		};
		7866E85E247A512D00EED686 /* Build configuration list for PBXNativeTarget "RealmManager" */ = {
			isa = XCConfigurationList;
			buildConfigurations = (
				7866E85F247A512D00EED686 /* Debug */,
				7866E860247A512D00EED686 /* Release */,
			);
			defaultConfigurationIsVisible = 0;
			defaultConfigurationName = Release;
		};
		7866E861247A512D00EED686 /* Build configuration list for PBXNativeTarget "RealmManagerTests" */ = {
			isa = XCConfigurationList;
			buildConfigurations = (
				7866E862247A512D00EED686 /* Debug */,
				7866E863247A512D00EED686 /* Release */,
			);
			defaultConfigurationIsVisible = 0;
			defaultConfigurationName = Release;
		};
		7866E864247A512D00EED686 /* Build configuration list for PBXNativeTarget "RealmManagerUITests" */ = {
			isa = XCConfigurationList;
			buildConfigurations = (
				7866E865247A512D00EED686 /* Debug */,
				7866E866247A512D00EED686 /* Release */,
			);
			defaultConfigurationIsVisible = 0;
			defaultConfigurationName = Release;
		};
/* End XCConfigurationList section */
	};
	rootObject = 7866E82C247A512B00EED686 /* Project object */;
}
